# This file is automatically @generated by Poetry 1.6.1 and should not be changed by hand.

[[package]]
name = "dill"
version = "0.3.7"
description = "serialize all of Python"
optional = false
python-versions = ">=3.7"
files = [
    {file = "dill-0.3.7-py3-none-any.whl", hash = "sha256:76b122c08ef4ce2eedcd4d1abd8e641114bfc6c2867f49f3c41facf65bf19f5e"},
    {file = "dill-0.3.7.tar.gz", hash = "sha256:cc1c8b182eb3013e24bd475ff2e9295af86c1a38eb1aff128dac8962a9ce3c03"},
]

[package.extras]
graph = ["objgraph (>=1.7.2)"]

[[package]]
name = "inquirerpy"
version = "0.3.4"
description = "Python port of Inquirer.js (A collection of common interactive command-line user interfaces)"
optional = false
python-versions = ">=3.7,<4.0"
files = [
    {file = "InquirerPy-0.3.4-py3-none-any.whl", hash = "sha256:c65fdfbac1fa00e3ee4fb10679f4d3ed7a012abf4833910e63c295827fe2a7d4"},
    {file = "InquirerPy-0.3.4.tar.gz", hash = "sha256:89d2ada0111f337483cb41ae31073108b2ec1e618a49d7110b0d7ade89fc197e"},
]

[package.dependencies]
pfzy = ">=0.3.1,<0.4.0"
prompt-toolkit = ">=3.0.1,<4.0.0"

[package.extras]
docs = ["Sphinx (>=4.1.2,<5.0.0)", "furo (>=2021.8.17-beta.43,<2022.0.0)", "myst-parser (>=0.15.1,<0.16.0)", "sphinx-autobuild (>=2021.3.14,<2022.0.0)", "sphinx-copybutton (>=0.4.0,<0.5.0)"]

[[package]]
name = "msgspec"
version = "0.18.4"
description = "A fast serialization and validation library, with builtin support for JSON, MessagePack, YAML, and TOML."
optional = false
python-versions = ">=3.8"
files = [
    {file = "msgspec-0.18.4-cp310-cp310-macosx_10_9_x86_64.whl", hash = "sha256:4d24a291a3c94a7f5e26e8f5ef93e72bf26c10dfeed4d6ae8fc87ead02f4e265"},
    {file = "msgspec-0.18.4-cp310-cp310-macosx_11_0_arm64.whl", hash = "sha256:9714b78965047638c01c818b4b418133d77e849017de17b0655ee37b714b47a6"},
    {file = "msgspec-0.18.4-cp310-cp310-manylinux_2_17_aarch64.manylinux2014_aarch64.whl", hash = "sha256:241277eed9fd91037372519fca62aecf823f7229c1d351030d0be5e3302580c1"},
    {file = "msgspec-0.18.4-cp310-cp310-manylinux_2_17_x86_64.manylinux2014_x86_64.whl", hash = "sha256:d08175cbb55c1a87dd258645dce6cd00705d6088bf88e7cf510a9d5c24b0720b"},
    {file = "msgspec-0.18.4-cp310-cp310-musllinux_1_1_aarch64.whl", hash = "sha256:da13a06e77d683204eee3b134b08ecd5e4759a79014027b1bcd7a12c614b466d"},
    {file = "msgspec-0.18.4-cp310-cp310-musllinux_1_1_x86_64.whl", hash = "sha256:73e70217ff5e4ac244c8f1b0769215cbc81e1c904e135597a5b71162857e6c27"},
    {file = "msgspec-0.18.4-cp310-cp310-win_amd64.whl", hash = "sha256:dc25e6100026f5e1ecb5120150f4e78beb909cbeb0eb724b9982361b75c86c6b"},
    {file = "msgspec-0.18.4-cp311-cp311-macosx_10_9_x86_64.whl", hash = "sha256:e14287c3405093645b3812e3436598edd383b9ed724c686852e65d569f39f953"},
    {file = "msgspec-0.18.4-cp311-cp311-macosx_11_0_arm64.whl", hash = "sha256:acdcef2fccfff02f80ac8673dbeab205c288b680d81e05bfb5ae0be6b1502a7e"},
    {file = "msgspec-0.18.4-cp311-cp311-manylinux_2_17_aarch64.manylinux2014_aarch64.whl", hash = "sha256:b052fd7d25a8aa2ffde10126ee1d97b4c6f3d81f3f3ab1258ff759a2bd794874"},
    {file = "msgspec-0.18.4-cp311-cp311-manylinux_2_17_x86_64.manylinux2014_x86_64.whl", hash = "sha256:826dcb0dfaac0abbcf3a3ae991749900671796eb688b017a69a82bde1e624662"},
    {file = "msgspec-0.18.4-cp311-cp311-musllinux_1_1_aarch64.whl", hash = "sha256:86800265f87f192a0daefe668e0a9634c35bf8af94b1f297e1352ac62d2e26da"},
    {file = "msgspec-0.18.4-cp311-cp311-musllinux_1_1_x86_64.whl", hash = "sha256:227fee75a25080a8b3677cdd95b9c0c3652e27869004a084886c65eb558b3dd6"},
    {file = "msgspec-0.18.4-cp311-cp311-win_amd64.whl", hash = "sha256:828ef92f6654915c36ef6c7d8fec92404a13be48f9ff85f060e73b30299bafe1"},
    {file = "msgspec-0.18.4-cp312-cp312-macosx_10_9_x86_64.whl", hash = "sha256:8476848f4937da8faec53700891694df2e412453cb7445991f0664cdd1e2dd16"},
    {file = "msgspec-0.18.4-cp312-cp312-macosx_11_0_arm64.whl", hash = "sha256:f668102958841c5bbd3ba7cf569a65d17aa3bdcf22124f394dfcfcf53cc5a9b9"},
    {file = "msgspec-0.18.4-cp312-cp312-manylinux_2_17_aarch64.manylinux2014_aarch64.whl", hash = "sha256:cc2405dba5af6478dedd3512bb92197b6f9d1bc0095655afbe9b54d7a426f19f"},
    {file = "msgspec-0.18.4-cp312-cp312-manylinux_2_17_x86_64.manylinux2014_x86_64.whl", hash = "sha256:d99f3c13569a5add0980b0d8c6e0bd94a656f6363b26107435b3091df979d228"},
    {file = "msgspec-0.18.4-cp312-cp312-musllinux_1_1_aarch64.whl", hash = "sha256:8a198409f672f93534c9c36bdc9eea9fb536827bd63ea846882365516a961356"},
    {file = "msgspec-0.18.4-cp312-cp312-musllinux_1_1_x86_64.whl", hash = "sha256:e21bc5aae6b80dfe4eb75dc1bb29af65483f967d5522e9e3812115a0ba285cac"},
    {file = "msgspec-0.18.4-cp312-cp312-win_amd64.whl", hash = "sha256:44d551aee1ec8aa2d7b64762557c266bcbf7d5109f2246955718d05becc509d6"},
    {file = "msgspec-0.18.4-cp38-cp38-macosx_10_9_x86_64.whl", hash = "sha256:bbbc08d59f74de5791bda63569f26a35ae1dd6bd20c55c3ceba5567b0e5a8ef1"},
    {file = "msgspec-0.18.4-cp38-cp38-macosx_11_0_arm64.whl", hash = "sha256:87bc01949a35970398f5267df8ed4189c340727bb6feec99efdb9969dd05cf30"},
    {file = "msgspec-0.18.4-cp38-cp38-manylinux_2_17_aarch64.manylinux2014_aarch64.whl", hash = "sha256:96ccaef83adc0ce96d95328a03289cd5aead4fe400aac21fbe2008855a124a01"},
    {file = "msgspec-0.18.4-cp38-cp38-manylinux_2_17_x86_64.manylinux2014_x86_64.whl", hash = "sha256:f6229dd49438d81ed7a3470e3cbc9646b1cc1b120d415a1786df880dabb1d1c4"},
    {file = "msgspec-0.18.4-cp38-cp38-musllinux_1_1_aarch64.whl", hash = "sha256:55e578fd921c88de0d3a209fe5fd392bb66623924c6525b42cea37c72bf8d558"},
    {file = "msgspec-0.18.4-cp38-cp38-musllinux_1_1_x86_64.whl", hash = "sha256:e95bd0a946b5b7206f27c0f654f490231c9ad5e5a4ff65af8c986f5114dfaf0e"},
    {file = "msgspec-0.18.4-cp38-cp38-win_amd64.whl", hash = "sha256:7e95817021db96c43fd81244228e185b13b085cca3d5169af4e2dfe3ff412954"},
    {file = "msgspec-0.18.4-cp39-cp39-macosx_10_9_x86_64.whl", hash = "sha256:847d79f6f0b698671ff390aa5a66e207108f2c23b077ef9314ca4fe7819fa4ec"},
    {file = "msgspec-0.18.4-cp39-cp39-macosx_11_0_arm64.whl", hash = "sha256:e4294158c233884f3b3220f0e96a30d3e916a4781f9502ae6d477bd57bbc80ad"},
    {file = "msgspec-0.18.4-cp39-cp39-manylinux_2_17_aarch64.manylinux2014_aarch64.whl", hash = "sha256:deb11ba2709019192636042df5c8db8738e45946735627021b7e7934714526e4"},
    {file = "msgspec-0.18.4-cp39-cp39-manylinux_2_17_x86_64.manylinux2014_x86_64.whl", hash = "sha256:b01efbf80a987a99e9079257c893c026dc661d4cd05caa1f7eabf4accc7f1fbc"},
    {file = "msgspec-0.18.4-cp39-cp39-musllinux_1_1_aarch64.whl", hash = "sha256:991aa3c76d1b1ec84e840d0b3c96692af834e1f8a1e1a3974cbd189eaf0f2276"},
    {file = "msgspec-0.18.4-cp39-cp39-musllinux_1_1_x86_64.whl", hash = "sha256:8064908ddb3d95d3261aaca48fd38abb16ccf59dc3f2d01eb4e04591fc1e9bd4"},
    {file = "msgspec-0.18.4-cp39-cp39-win_amd64.whl", hash = "sha256:5f446f16ea57d70cceec29b7cb85ec0b3bea032e3dec316806e38575ea3a69b4"},
    {file = "msgspec-0.18.4.tar.gz", hash = "sha256:cb62030bd6b1a00b01a2fcb09735016011696304e6b1d3321e58022548268d3e"},
]

[package.extras]
dev = ["attrs", "coverage", "furo", "gcovr", "ipython", "msgpack", "mypy", "pre-commit", "pyright", "pytest", "pyyaml", "sphinx", "sphinx-copybutton", "sphinx-design", "tomli", "tomli-w"]
doc = ["furo", "ipython", "sphinx", "sphinx-copybutton", "sphinx-design"]
test = ["attrs", "msgpack", "mypy", "pyright", "pytest", "pyyaml", "tomli", "tomli-w"]
toml = ["tomli", "tomli-w"]
yaml = ["pyyaml"]

[[package]]
name = "multiprocess"
version = "0.70.14"
description = "better multiprocessing and multithreading in python"
optional = false
python-versions = ">=3.7"
files = [
    {file = "multiprocess-0.70.14-pp37-pypy37_pp73-macosx_10_9_x86_64.whl", hash = "sha256:560a27540daef4ce8b24ed3cc2496a3c670df66c96d02461a4da67473685adf3"},
    {file = "multiprocess-0.70.14-pp37-pypy37_pp73-manylinux_2_24_i686.whl", hash = "sha256:bfbbfa36f400b81d1978c940616bc77776424e5e34cb0c94974b178d727cfcd5"},
    {file = "multiprocess-0.70.14-pp37-pypy37_pp73-manylinux_2_24_x86_64.whl", hash = "sha256:89fed99553a04ec4f9067031f83a886d7fdec5952005551a896a4b6a59575bb9"},
    {file = "multiprocess-0.70.14-pp38-pypy38_pp73-macosx_10_9_x86_64.whl", hash = "sha256:40a5e3685462079e5fdee7c6789e3ef270595e1755199f0d50685e72523e1d2a"},
    {file = "multiprocess-0.70.14-pp38-pypy38_pp73-manylinux_2_24_i686.whl", hash = "sha256:44936b2978d3f2648727b3eaeab6d7fa0bedf072dc5207bf35a96d5ee7c004cf"},
    {file = "multiprocess-0.70.14-pp38-pypy38_pp73-manylinux_2_24_x86_64.whl", hash = "sha256:e628503187b5d494bf29ffc52d3e1e57bb770ce7ce05d67c4bbdb3a0c7d3b05f"},
    {file = "multiprocess-0.70.14-pp39-pypy39_pp73-macosx_10_9_x86_64.whl", hash = "sha256:0d5da0fc84aacb0e4bd69c41b31edbf71b39fe2fb32a54eaedcaea241050855c"},
    {file = "multiprocess-0.70.14-pp39-pypy39_pp73-manylinux_2_24_i686.whl", hash = "sha256:6a7b03a5b98e911a7785b9116805bd782815c5e2bd6c91c6a320f26fd3e7b7ad"},
    {file = "multiprocess-0.70.14-pp39-pypy39_pp73-manylinux_2_24_x86_64.whl", hash = "sha256:cea5bdedd10aace3c660fedeac8b087136b4366d4ee49a30f1ebf7409bce00ae"},
    {file = "multiprocess-0.70.14-py310-none-any.whl", hash = "sha256:7dc1f2f6a1d34894c8a9a013fbc807971e336e7cc3f3ff233e61b9dc679b3b5c"},
    {file = "multiprocess-0.70.14-py37-none-any.whl", hash = "sha256:93a8208ca0926d05cdbb5b9250a604c401bed677579e96c14da3090beb798193"},
    {file = "multiprocess-0.70.14-py38-none-any.whl", hash = "sha256:6725bc79666bbd29a73ca148a0fb5f4ea22eed4a8f22fce58296492a02d18a7b"},
    {file = "multiprocess-0.70.14-py39-none-any.whl", hash = "sha256:63cee628b74a2c0631ef15da5534c8aedbc10c38910b9c8b18dcd327528d1ec7"},
    {file = "multiprocess-0.70.14.tar.gz", hash = "sha256:3eddafc12f2260d27ae03fe6069b12570ab4764ab59a75e81624fac453fbf46a"},
]

[package.dependencies]
dill = ">=0.3.6"

[[package]]
name = "nestd"
version = "0.3.1"
description = "A package to extract your nested functions!"
optional = false
python-versions = ">=3.7,<4.0"
files = [
    {file = "nestd-0.3.1-py3-none-any.whl", hash = "sha256:9a27d65e0676477acf50f1dcadb15755eb85076983e5abaffc94b0f4e26eef62"},
    {file = "nestd-0.3.1.tar.gz", hash = "sha256:1b946d2bbc16df67ca169b8cb59794ec70b54d4a56a017e3d1c092d364d22a39"},
]

[[package]]
name = "pfzy"
version = "0.3.4"
description = "Python port of the fzy fuzzy string matching algorithm"
optional = false
python-versions = ">=3.7,<4.0"
files = [
    {file = "pfzy-0.3.4-py3-none-any.whl", hash = "sha256:5f50d5b2b3207fa72e7ec0ef08372ef652685470974a107d0d4999fc5a903a96"},
    {file = "pfzy-0.3.4.tar.gz", hash = "sha256:717ea765dd10b63618e7298b2d98efd819e0b30cd5905c9707223dceeb94b3f1"},
]

[package.extras]
docs = ["Sphinx (>=4.1.2,<5.0.0)", "furo (>=2021.8.17-beta.43,<2022.0.0)", "myst-parser (>=0.15.1,<0.16.0)", "sphinx-autobuild (>=2021.3.14,<2022.0.0)", "sphinx-copybutton (>=0.4.0,<0.5.0)"]

[[package]]
name = "prompt-toolkit"
version = "3.0.39"
description = "Library for building powerful interactive command lines in Python"
optional = false
python-versions = ">=3.7.0"
files = [
    {file = "prompt_toolkit-3.0.39-py3-none-any.whl", hash = "sha256:9dffbe1d8acf91e3de75f3b544e4842382fc06c6babe903ac9acb74dc6e08d88"},
    {file = "prompt_toolkit-3.0.39.tar.gz", hash = "sha256:04505ade687dc26dc4284b1ad19a83be2f2afe83e7a828ace0c72f3a1df72aac"},
]

[package.dependencies]
wcwidth = "*"

[[package]]
name = "redis"
version = "5.0.1"
description = "Python client for Redis database and key-value store"
optional = false
python-versions = ">=3.7"
files = [
    {file = "redis-5.0.1-py3-none-any.whl", hash = "sha256:ed4802971884ae19d640775ba3b03aa2e7bd5e8fb8dfaed2decce4d0fc48391f"},
    {file = "redis-5.0.1.tar.gz", hash = "sha256:0dab495cd5753069d3bc650a0dde8a8f9edde16fc5691b689a566eda58100d0f"},
]

[package.extras]
hiredis = ["hiredis (>=1.0.0)"]
ocsp = ["cryptography (>=36.0.1)", "pyopenssl (==20.0.1)", "requests (>=2.26.0)"]

[[package]]
name = "robyn"
version = "0.44.2"
description = "A High-Performance, Community-Driven, and Innovator Friendly Web Framework with a Rust runtime."
optional = false
python-versions = "*"
files = [
    {file = "robyn-0.44.2-cp310-cp310-macosx_10_7_x86_64.whl", hash = "sha256:6cf06f2c7f49d0c318ee6d1bfb7359fbadb0175ddcc944ffbe01c91713245268"},
    {file = "robyn-0.44.2-cp310-cp310-macosx_10_9_x86_64.macosx_11_0_arm64.macosx_10_9_universal2.whl", hash = "sha256:c22d5508eb30bc0152512d8b84c7955a737ccd72cfc1837d9e9d9ab442128064"},
    {file = "robyn-0.44.2-cp310-cp310-manylinux_2_12_i686.manylinux2010_i686.whl", hash = "sha256:d7246f410ffb9499ddd8c9b8cc59dd480041dadf5f6198f7fce1895a5e6c6087"},
    {file = "robyn-0.44.2-cp310-cp310-manylinux_2_17_aarch64.manylinux2014_aarch64.whl", hash = "sha256:705d1abdf3ed3d7baef8d729eb35d90caddd579b92b32d8315c1d00e3ede42c5"},
    {file = "robyn-0.44.2-cp310-cp310-manylinux_2_17_armv7l.manylinux2014_armv7l.whl", hash = "sha256:0a7f0fa04a598baa95016f1bd300d7da16a3debf6f92b852c88e257521c3f9d4"},
    {file = "robyn-0.44.2-cp310-cp310-manylinux_2_17_x86_64.manylinux2014_x86_64.whl", hash = "sha256:f60fbb40ec7f0b160f459e40fe132fe2b1a4bc0e13f01d63ee9fc179798a2f49"},
    {file = "robyn-0.44.2-cp310-none-win32.whl", hash = "sha256:48c71746d5ddc6377a774854b8c51ea78ba4190bc62bf7189e93808de9bba081"},
    {file = "robyn-0.44.2-cp310-none-win_amd64.whl", hash = "sha256:c2ea0dd063dba6b4288b48feda891ffd54a3b4ec3836e80d197287a86accdccc"},
    {file = "robyn-0.44.2-cp311-cp311-macosx_10_7_x86_64.whl", hash = "sha256:50b58198b3af505609ed4fb4f189814adb36fbc47d52a377769d745dd8eb6c45"},
    {file = "robyn-0.44.2-cp311-cp311-macosx_10_9_x86_64.macosx_11_0_arm64.macosx_10_9_universal2.whl", hash = "sha256:afdfe96c2128ffef6367d3a0a7040de3e04f91d2152af90c299483b662b75d17"},
    {file = "robyn-0.44.2-cp311-cp311-manylinux_2_12_i686.manylinux2010_i686.whl", hash = "sha256:d8b86b5d7354caa5de93511745f47f0355c08a34f98a67ba048ece2d232bd564"},
    {file = "robyn-0.44.2-cp311-cp311-manylinux_2_17_aarch64.manylinux2014_aarch64.whl", hash = "sha256:19623ae72bcf2aaf5f9f8d0cc642b8f2b377f1daff6bd97d3f8669cae6fce8ee"},
    {file = "robyn-0.44.2-cp311-cp311-manylinux_2_17_armv7l.manylinux2014_armv7l.whl", hash = "sha256:fa8f4bf2bf0abc5aa508bd25c3121c797e24911e584203504089334f67c4eeea"},
    {file = "robyn-0.44.2-cp311-cp311-manylinux_2_17_x86_64.manylinux2014_x86_64.whl", hash = "sha256:4bb7a11e41e53731e053301db2b03b57457a74c0d998de4f5d26fb73eaca1bc5"},
    {file = "robyn-0.44.2-cp311-none-win32.whl", hash = "sha256:3f1d4037b9cfac70ee827f5e8ae126c717143b492eb379d321bdb5d0ff5d8e52"},
    {file = "robyn-0.44.2-cp311-none-win_amd64.whl", hash = "sha256:7249cc8aecfe086d68bbda7c188139dd32dd22d713a6a064ea9d91dab7ca33d1"},
    {file = "robyn-0.44.2-cp312-cp312-macosx_10_7_x86_64.whl", hash = "sha256:87c6d9096de70390711a0ecdbb9b272ed913113caadf220972d771e9a943ae61"},
    {file = "robyn-0.44.2-cp312-cp312-macosx_10_9_x86_64.macosx_11_0_arm64.macosx_10_9_universal2.whl", hash = "sha256:a7bce9a2e5fb56e42d5ec50f79041bf9b862eec9d57c59233eff3ddb5f8c78cf"},
    {file = "robyn-0.44.2-cp312-cp312-manylinux_2_12_i686.manylinux2010_i686.whl", hash = "sha256:b84135fee2d20699b0c39a6d9fee625b2b0b35ebc7954e23b23f4f04d83fd34d"},
    {file = "robyn-0.44.2-cp312-cp312-manylinux_2_17_aarch64.manylinux2014_aarch64.whl", hash = "sha256:a042f7fa12a243a3614f5a65e62772c72ca18278474975bf5b08a5079900fd4a"},
    {file = "robyn-0.44.2-cp312-cp312-manylinux_2_17_armv7l.manylinux2014_armv7l.whl", hash = "sha256:67b748a55e511c867b44606385f8c713b468567d48f6128958a00f0daa477174"},
    {file = "robyn-0.44.2-cp312-cp312-manylinux_2_17_x86_64.manylinux2014_x86_64.whl", hash = "sha256:c3b35b0b56410497b4e7dc4463934db4bcee67c9f7ddc7730cbe4f726d6579a0"},
    {file = "robyn-0.44.2-cp312-none-win32.whl", hash = "sha256:5749f2281afaf0b040c148f11b4a83327927f1e11a62584ed332351a9e503cfd"},
    {file = "robyn-0.44.2-cp312-none-win_amd64.whl", hash = "sha256:b0fdf9f6fbb7ef57fe034fae61ff801765f93eb168ec6de4fe525149ed02c79d"},
    {file = "robyn-0.44.2-cp38-cp38-macosx_10_7_x86_64.whl", hash = "sha256:263474142ef43b5cdbee46e38ad2b51ce819154ff5b144cbdab68c76b5bad835"},
    {file = "robyn-0.44.2-cp38-cp38-macosx_10_9_x86_64.macosx_11_0_arm64.macosx_10_9_universal2.whl", hash = "sha256:c7f68e2bb872be329cc67f095282682c4c0277493b97bd0a69bce9dcdd28f664"},
    {file = "robyn-0.44.2-cp38-cp38-manylinux_2_12_i686.manylinux2010_i686.whl", hash = "sha256:135721c9d550d4fdf7b30116f228403bb518c371e0bb8aab6284a4dd75dc20d6"},
    {file = "robyn-0.44.2-cp38-cp38-manylinux_2_17_aarch64.manylinux2014_aarch64.whl", hash = "sha256:f52a343cd92020764c81e46fd72500f845c32d785cb844a3bee0a13fbf8dce1a"},
    {file = "robyn-0.44.2-cp38-cp38-manylinux_2_17_armv7l.manylinux2014_armv7l.whl", hash = "sha256:6a0fc561a5724a3c2b48364c77a93cbc1ab62eb9fe9d10470ca1360ba85f6f1d"},
    {file = "robyn-0.44.2-cp38-cp38-manylinux_2_17_x86_64.manylinux2014_x86_64.whl", hash = "sha256:e9ca6162ef82c9b3d8a1644b7f199a808629e5de7798982af89c3e7546c28d43"},
    {file = "robyn-0.44.2-cp38-none-win32.whl", hash = "sha256:7354513cfbad26d4fe3f085a5ee3d60101270c520e27a13effe8e5ea91fa82b3"},
    {file = "robyn-0.44.2-cp38-none-win_amd64.whl", hash = "sha256:4590c29114bfaea233f38670077e4af59bb206edafc40b09ec6546a5d07f0654"},
    {file = "robyn-0.44.2-cp39-cp39-macosx_10_7_x86_64.whl", hash = "sha256:7335e28f020f49d8925f5ece356531fde771a55361b3b463d6af82532a8e8cf1"},
    {file = "robyn-0.44.2-cp39-cp39-macosx_10_9_x86_64.macosx_11_0_arm64.macosx_10_9_universal2.whl", hash = "sha256:097c1623f75550c0cb8f833ae40af9056ff258f98434235e3b24d501455ffbc4"},
    {file = "robyn-0.44.2-cp39-cp39-manylinux_2_12_i686.manylinux2010_i686.whl", hash = "sha256:5888d11b77406555ff80fd30f7e49751249056680ab735edf08cb2fbd345c062"},
    {file = "robyn-0.44.2-cp39-cp39-manylinux_2_17_aarch64.manylinux2014_aarch64.whl", hash = "sha256:a204d8eeb7cd5636c0c28aff1b8ad6b8e880c9e73a66ac9717e495429657a244"},
    {file = "robyn-0.44.2-cp39-cp39-manylinux_2_17_armv7l.manylinux2014_armv7l.whl", hash = "sha256:c4d5de8f3ee32377e22f38c9dc813444a3378ea92a7d88e0924efd6dd6e95bbf"},
    {file = "robyn-0.44.2-cp39-cp39-manylinux_2_17_x86_64.manylinux2014_x86_64.whl", hash = "sha256:45ba29e101ba6cb2d0c0bc58d3e51be46789def487d27bac0bab4b2a81c042a2"},
    {file = "robyn-0.44.2-cp39-none-win32.whl", hash = "sha256:487ff230cdd2d486a4b6b504bd82c8b216908b0c7606da4360b19acb65d4268e"},
    {file = "robyn-0.44.2-cp39-none-win_amd64.whl", hash = "sha256:937b8f8da251c59efd14375b2012bf549d75ac87ac1047621c3738aa9804b591"},
    {file = "robyn-0.44.2.tar.gz", hash = "sha256:0ce14002857b3f15931a65df512596d89e59d0eed2f7703311e3db2dae7e4047"},
]

[package.dependencies]
inquirerpy = "0.3.4"
multiprocess = "0.70.14"
nestd = "0.3.1"
uvloop = {version = ">=0.19.0,<0.20.0", markers = "sys_platform != \"win32\" and platform_python_implementation == \"CPython\" and platform_machine != \"armv7l\""}
watchdog = "2.2.1"

[package.extras]
templating = ["jinja2 (==3.0.1)"]

[[package]]
name = "uvloop"
version = "0.19.0"
description = "Fast implementation of asyncio event loop on top of libuv"
optional = false
python-versions = ">=3.8.0"
files = [
    {file = "uvloop-0.19.0-cp310-cp310-macosx_10_9_universal2.whl", hash = "sha256:de4313d7f575474c8f5a12e163f6d89c0a878bc49219641d49e6f1444369a90e"},
    {file = "uvloop-0.19.0-cp310-cp310-macosx_10_9_x86_64.whl", hash = "sha256:5588bd21cf1fcf06bded085f37e43ce0e00424197e7c10e77afd4bbefffef428"},
    {file = "uvloop-0.19.0-cp310-cp310-manylinux_2_17_aarch64.manylinux2014_aarch64.whl", hash = "sha256:7b1fd71c3843327f3bbc3237bedcdb6504fd50368ab3e04d0410e52ec293f5b8"},
    {file = "uvloop-0.19.0-cp310-cp310-manylinux_2_17_x86_64.manylinux2014_x86_64.whl", hash = "sha256:5a05128d315e2912791de6088c34136bfcdd0c7cbc1cf85fd6fd1bb321b7c849"},
    {file = "uvloop-0.19.0-cp310-cp310-musllinux_1_1_aarch64.whl", hash = "sha256:cd81bdc2b8219cb4b2556eea39d2e36bfa375a2dd021404f90a62e44efaaf957"},
    {file = "uvloop-0.19.0-cp310-cp310-musllinux_1_1_x86_64.whl", hash = "sha256:5f17766fb6da94135526273080f3455a112f82570b2ee5daa64d682387fe0dcd"},
    {file = "uvloop-0.19.0-cp311-cp311-macosx_10_9_universal2.whl", hash = "sha256:4ce6b0af8f2729a02a5d1575feacb2a94fc7b2e983868b009d51c9a9d2149bef"},
    {file = "uvloop-0.19.0-cp311-cp311-macosx_10_9_x86_64.whl", hash = "sha256:31e672bb38b45abc4f26e273be83b72a0d28d074d5b370fc4dcf4c4eb15417d2"},
    {file = "uvloop-0.19.0-cp311-cp311-manylinux_2_17_aarch64.manylinux2014_aarch64.whl", hash = "sha256:570fc0ed613883d8d30ee40397b79207eedd2624891692471808a95069a007c1"},
    {file = "uvloop-0.19.0-cp311-cp311-manylinux_2_17_x86_64.manylinux2014_x86_64.whl", hash = "sha256:5138821e40b0c3e6c9478643b4660bd44372ae1e16a322b8fc07478f92684e24"},
    {file = "uvloop-0.19.0-cp311-cp311-musllinux_1_1_aarch64.whl", hash = "sha256:91ab01c6cd00e39cde50173ba4ec68a1e578fee9279ba64f5221810a9e786533"},
    {file = "uvloop-0.19.0-cp311-cp311-musllinux_1_1_x86_64.whl", hash = "sha256:47bf3e9312f63684efe283f7342afb414eea4d3011542155c7e625cd799c3b12"},
    {file = "uvloop-0.19.0-cp312-cp312-macosx_10_9_universal2.whl", hash = "sha256:da8435a3bd498419ee8c13c34b89b5005130a476bda1d6ca8cfdde3de35cd650"},
    {file = "uvloop-0.19.0-cp312-cp312-macosx_10_9_x86_64.whl", hash = "sha256:02506dc23a5d90e04d4f65c7791e65cf44bd91b37f24cfc3ef6cf2aff05dc7ec"},
    {file = "uvloop-0.19.0-cp312-cp312-manylinux_2_17_aarch64.manylinux2014_aarch64.whl", hash = "sha256:2693049be9d36fef81741fddb3f441673ba12a34a704e7b4361efb75cf30befc"},
    {file = "uvloop-0.19.0-cp312-cp312-manylinux_2_17_x86_64.manylinux2014_x86_64.whl", hash = "sha256:7010271303961c6f0fe37731004335401eb9075a12680738731e9c92ddd96ad6"},
    {file = "uvloop-0.19.0-cp312-cp312-musllinux_1_1_aarch64.whl", hash = "sha256:5daa304d2161d2918fa9a17d5635099a2f78ae5b5960e742b2fcfbb7aefaa593"},
    {file = "uvloop-0.19.0-cp312-cp312-musllinux_1_1_x86_64.whl", hash = "sha256:7207272c9520203fea9b93843bb775d03e1cf88a80a936ce760f60bb5add92f3"},
    {file = "uvloop-0.19.0-cp38-cp38-macosx_10_9_universal2.whl", hash = "sha256:78ab247f0b5671cc887c31d33f9b3abfb88d2614b84e4303f1a63b46c046c8bd"},
    {file = "uvloop-0.19.0-cp38-cp38-macosx_10_9_x86_64.whl", hash = "sha256:472d61143059c84947aa8bb74eabbace30d577a03a1805b77933d6bd13ddebbd"},
    {file = "uvloop-0.19.0-cp38-cp38-manylinux_2_17_aarch64.manylinux2014_aarch64.whl", hash = "sha256:45bf4c24c19fb8a50902ae37c5de50da81de4922af65baf760f7c0c42e1088be"},
    {file = "uvloop-0.19.0-cp38-cp38-manylinux_2_17_x86_64.manylinux2014_x86_64.whl", hash = "sha256:271718e26b3e17906b28b67314c45d19106112067205119dddbd834c2b7ce797"},
    {file = "uvloop-0.19.0-cp38-cp38-musllinux_1_1_aarch64.whl", hash = "sha256:34175c9fd2a4bc3adc1380e1261f60306344e3407c20a4d684fd5f3be010fa3d"},
    {file = "uvloop-0.19.0-cp38-cp38-musllinux_1_1_x86_64.whl", hash = "sha256:e27f100e1ff17f6feeb1f33968bc185bf8ce41ca557deee9d9bbbffeb72030b7"},
    {file = "uvloop-0.19.0-cp39-cp39-macosx_10_9_universal2.whl", hash = "sha256:13dfdf492af0aa0a0edf66807d2b465607d11c4fa48f4a1fd41cbea5b18e8e8b"},
    {file = "uvloop-0.19.0-cp39-cp39-macosx_10_9_x86_64.whl", hash = "sha256:6e3d4e85ac060e2342ff85e90d0c04157acb210b9ce508e784a944f852a40e67"},
    {file = "uvloop-0.19.0-cp39-cp39-manylinux_2_17_aarch64.manylinux2014_aarch64.whl", hash = "sha256:8ca4956c9ab567d87d59d49fa3704cf29e37109ad348f2d5223c9bf761a332e7"},
    {file = "uvloop-0.19.0-cp39-cp39-manylinux_2_17_x86_64.manylinux2014_x86_64.whl", hash = "sha256:f467a5fd23b4fc43ed86342641f3936a68ded707f4627622fa3f82a120e18256"},
    {file = "uvloop-0.19.0-cp39-cp39-musllinux_1_1_aarch64.whl", hash = "sha256:492e2c32c2af3f971473bc22f086513cedfc66a130756145a931a90c3958cb17"},
    {file = "uvloop-0.19.0-cp39-cp39-musllinux_1_1_x86_64.whl", hash = "sha256:2df95fca285a9f5bfe730e51945ffe2fa71ccbfdde3b0da5772b4ee4f2e770d5"},
    {file = "uvloop-0.19.0.tar.gz", hash = "sha256:0246f4fd1bf2bf702e06b0d45ee91677ee5c31242f39aab4ea6fe0c51aedd0fd"},
]

[package.extras]
docs = ["Sphinx (>=4.1.2,<4.2.0)", "sphinx-rtd-theme (>=0.5.2,<0.6.0)", "sphinxcontrib-asyncio (>=0.3.0,<0.4.0)"]
test = ["Cython (>=0.29.36,<0.30.0)", "aiohttp (==3.9.0b0)", "aiohttp (>=3.8.1)", "flake8 (>=5.0,<6.0)", "mypy (>=0.800)", "psutil", "pyOpenSSL (>=23.0.0,<23.1.0)", "pycodestyle (>=2.9.0,<2.10.0)"]

[[package]]
name = "watchdog"
version = "2.2.1"
description = "Filesystem events monitoring"
optional = false
python-versions = ">=3.6"
files = [
    {file = "watchdog-2.2.1-cp310-cp310-macosx_10_9_universal2.whl", hash = "sha256:a09483249d25cbdb4c268e020cb861c51baab2d1affd9a6affc68ffe6a231260"},
    {file = "watchdog-2.2.1-cp310-cp310-macosx_10_9_x86_64.whl", hash = "sha256:5100eae58133355d3ca6c1083a33b81355c4f452afa474c2633bd2fbbba398b3"},
    {file = "watchdog-2.2.1-cp310-cp310-macosx_11_0_arm64.whl", hash = "sha256:e618a4863726bc7a3c64f95c218437f3349fb9d909eb9ea3a1ed3b567417c661"},
    {file = "watchdog-2.2.1-cp311-cp311-macosx_10_9_universal2.whl", hash = "sha256:102a60093090fc3ff76c983367b19849b7cc24ec414a43c0333680106e62aae1"},
    {file = "watchdog-2.2.1-cp311-cp311-macosx_10_9_x86_64.whl", hash = "sha256:748ca797ff59962e83cc8e4b233f87113f3cf247c23e6be58b8a2885c7337aa3"},
    {file = "watchdog-2.2.1-cp311-cp311-macosx_11_0_arm64.whl", hash = "sha256:6ccd8d84b9490a82b51b230740468116b8205822ea5fdc700a553d92661253a3"},
    {file = "watchdog-2.2.1-cp36-cp36m-macosx_10_9_x86_64.whl", hash = "sha256:6e01d699cd260d59b84da6bda019dce0a3353e3fcc774408ae767fe88ee096b7"},
    {file = "watchdog-2.2.1-cp37-cp37m-macosx_10_9_x86_64.whl", hash = "sha256:8586d98c494690482c963ffb24c49bf9c8c2fe0589cec4dc2f753b78d1ec301d"},
    {file = "watchdog-2.2.1-cp38-cp38-macosx_10_9_universal2.whl", hash = "sha256:adaf2ece15f3afa33a6b45f76b333a7da9256e1360003032524d61bdb4c422ae"},
    {file = "watchdog-2.2.1-cp38-cp38-macosx_10_9_x86_64.whl", hash = "sha256:83a7cead445008e880dbde833cb9e5cc7b9a0958edb697a96b936621975f15b9"},
    {file = "watchdog-2.2.1-cp38-cp38-macosx_11_0_arm64.whl", hash = "sha256:f8ac23ff2c2df4471a61af6490f847633024e5aa120567e08d07af5718c9d092"},
    {file = "watchdog-2.2.1-cp39-cp39-macosx_10_9_universal2.whl", hash = "sha256:d0f29fd9f3f149a5277929de33b4f121a04cf84bb494634707cfa8ea8ae106a8"},
    {file = "watchdog-2.2.1-cp39-cp39-macosx_10_9_x86_64.whl", hash = "sha256:967636031fa4c4955f0f3f22da3c5c418aa65d50908d31b73b3b3ffd66d60640"},
    {file = "watchdog-2.2.1-cp39-cp39-macosx_11_0_arm64.whl", hash = "sha256:96cbeb494e6cbe3ae6aacc430e678ce4b4dd3ae5125035f72b6eb4e5e9eb4f4e"},
    {file = "watchdog-2.2.1-pp37-pypy37_pp73-macosx_10_9_x86_64.whl", hash = "sha256:61fdb8e9c57baf625e27e1420e7ca17f7d2023929cd0065eb79c83da1dfbeacd"},
    {file = "watchdog-2.2.1-pp38-pypy38_pp73-macosx_10_9_x86_64.whl", hash = "sha256:4cb5ecc332112017fbdb19ede78d92e29a8165c46b68a0b8ccbd0a154f196d5e"},
    {file = "watchdog-2.2.1-pp39-pypy39_pp73-macosx_10_9_x86_64.whl", hash = "sha256:a480d122740debf0afac4ddd583c6c0bb519c24f817b42ed6f850e2f6f9d64a8"},
    {file = "watchdog-2.2.1-py3-none-manylinux2014_aarch64.whl", hash = "sha256:978a1aed55de0b807913b7482d09943b23a2d634040b112bdf31811a422f6344"},
    {file = "watchdog-2.2.1-py3-none-manylinux2014_armv7l.whl", hash = "sha256:8c28c23972ec9c524967895ccb1954bc6f6d4a557d36e681a36e84368660c4ce"},
    {file = "watchdog-2.2.1-py3-none-manylinux2014_i686.whl", hash = "sha256:c27d8c1535fd4474e40a4b5e01f4ba6720bac58e6751c667895cbc5c8a7af33c"},
    {file = "watchdog-2.2.1-py3-none-manylinux2014_ppc64.whl", hash = "sha256:d6b87477752bd86ac5392ecb9eeed92b416898c30bd40c7e2dd03c3146105646"},
    {file = "watchdog-2.2.1-py3-none-manylinux2014_ppc64le.whl", hash = "sha256:cece1aa596027ff56369f0b50a9de209920e1df9ac6d02c7f9e5d8162eb4f02b"},
    {file = "watchdog-2.2.1-py3-none-manylinux2014_s390x.whl", hash = "sha256:8b5cde14e5c72b2df5d074774bdff69e9b55da77e102a91f36ef26ca35f9819c"},
    {file = "watchdog-2.2.1-py3-none-manylinux2014_x86_64.whl", hash = "sha256:e038be858425c4f621900b8ff1a3a1330d9edcfeaa1c0468aeb7e330fb87693e"},
    {file = "watchdog-2.2.1-py3-none-win32.whl", hash = "sha256:bc43c1b24d2f86b6e1cc15f68635a959388219426109233e606517ff7d0a5a73"},
    {file = "watchdog-2.2.1-py3-none-win_amd64.whl", hash = "sha256:17f1708f7410af92ddf591e94ae71a27a13974559e72f7e9fde3ec174b26ba2e"},
    {file = "watchdog-2.2.1-py3-none-win_ia64.whl", hash = "sha256:195ab1d9d611a4c1e5311cbf42273bc541e18ea8c32712f2fb703cfc6ff006f9"},
    {file = "watchdog-2.2.1.tar.gz", hash = "sha256:cdcc23c9528601a8a293eb4369cbd14f6b4f34f07ae8769421252e9c22718b6f"},
]

[package.extras]
watchmedo = ["PyYAML (>=3.10)"]

[[package]]
name = "wcwidth"
version = "0.2.9"
description = "Measures the displayed width of unicode strings in a terminal"
optional = false
python-versions = "*"
files = [
    {file = "wcwidth-0.2.9-py2.py3-none-any.whl", hash = "sha256:9a929bd8380f6cd9571a968a9c8f4353ca58d7cd812a4822bba831f8d685b223"},
    {file = "wcwidth-0.2.9.tar.gz", hash = "sha256:a675d1a4a2d24ef67096a04b85b02deeecd8e226f57b5e3a72dbb9ed99d27da8"},
]

[metadata]
lock-version = "2.0"
python-versions = "^3.12"
content-hash = "2218b92a515246636182a207147a0de59e8f70af5f78262a7a53575ced51b40a"
